
Microsoft Visual Studio Solution File, Format Version 12.00
# Visual Studio Version 17
VisualStudioVersion = 17.7.34031.279
MinimumVisualStudioVersion = 10.0.40219.1
Project("{FAE04EC0-301F-11D3-BF4B-00C04F79EFBC}") = "Ice-creame system", "c#app1\Ice-creame system.csproj", "{FDF6D7E6-A476-4B33-8B12-EAD34E4B5950}"
EndProject
Global
	GlobalSection(SolutionConfigurationPlatforms) = preSolution
		Debug|Any CPU = Debug|Any CPU
		Release|Any CPU = Release|Any CPU
	EndGlobalSection
	GlobalSection(ProjectConfigurationPlatforms) = postSolution
		{FDF6D7E6-A476-4B33-8B12-EAD34E4B5950}.Debug|Any CPU.ActiveCfg = Debug|Any CPU
		{FDF6D7E6-A476-4B33-8B12-EAD34E4B5950}.Debug|Any CPU.Build.0 = Debug|Any CPU
		{FDF6D7E6-A476-4B33-8B12-EAD34E4B5950}.Release|Any CPU.ActiveCfg = Release|Any CPU
		{FDF6D7E6-A476-4B33-8B12-EAD34E4B5950}.Release|Any CPU.Build.0 = Release|Any CPU
	EndGlobalSection
	GlobalSection(SolutionProperties) = preSolution
		HideSolutionNode = FALSE
	EndGlobalSection
	GlobalSection(ExtensibilityGlobals) = postSolution
		SolutionGuid = {8ADA0147-4449-409F-94A7-D4C7E70D1EDA}
	EndGlobalSection
EndGlobal
